// !$*UTF8*$!
{
	archiveVersion = 1;
	classes = {
	};
	objectVersion = 50;
	objects = {

/* Begin PBXBuildFile section */
		4E2A277124E37F4F0001CE11 /* LoginView.xib in Resources */ = {isa = PBXBuildFile; fileRef = 4E2A277024E37F4F0001CE11 /* LoginView.xib */; };
		4E790DB424CF48E4007B2C15 /* AppDelegate.swift in Sources */ = {isa = PBXBuildFile; fileRef = 4E790DB324CF48E4007B2C15 /* AppDelegate.swift */; };
		4E790DB824CF48E4007B2C15 /* ViewController.swift in Sources */ = {isa = PBXBuildFile; fileRef = 4E790DB724CF48E4007B2C15 /* ViewController.swift */; };
		4E790DBB24CF48E4007B2C15 /* Main.storyboard in Resources */ = {isa = PBXBuildFile; fileRef = 4E790DB924CF48E4007B2C15 /* Main.storyboard */; };
		4E790DBE24CF48E4007B2C15 /* GameTracker.xcdatamodeld in Sources */ = {isa = PBXBuildFile; fileRef = 4E790DBC24CF48E4007B2C15 /* GameTracker.xcdatamodeld */; };
		4E790DC024CF48E6007B2C15 /* Assets.xcassets in Resources */ = {isa = PBXBuildFile; fileRef = 4E790DBF24CF48E6007B2C15 /* Assets.xcassets */; };
		4E790DC324CF48E6007B2C15 /* LaunchScreen.storyboard in Resources */ = {isa = PBXBuildFile; fileRef = 4E790DC124CF48E6007B2C15 /* LaunchScreen.storyboard */; };
		4E790DD724CF4A6B007B2C15 /* LoginPresenter.swift in Sources */ = {isa = PBXBuildFile; fileRef = 4E790DD024CF4A6B007B2C15 /* LoginPresenter.swift */; };
		4E790DD824CF4A6B007B2C15 /* LoginLocalDataManager.swift in Sources */ = {isa = PBXBuildFile; fileRef = 4E790DD124CF4A6B007B2C15 /* LoginLocalDataManager.swift */; };
		4E790DD924CF4A6B007B2C15 /* LoginProtocols.swift in Sources */ = {isa = PBXBuildFile; fileRef = 4E790DD224CF4A6B007B2C15 /* LoginProtocols.swift */; };
		4E790DDA24CF4A6B007B2C15 /* LoginInteractor.swift in Sources */ = {isa = PBXBuildFile; fileRef = 4E790DD324CF4A6B007B2C15 /* LoginInteractor.swift */; };
		4E790DDB24CF4A6B007B2C15 /* LoginView.swift in Sources */ = {isa = PBXBuildFile; fileRef = 4E790DD424CF4A6B007B2C15 /* LoginView.swift */; };
		4E790DDC24CF4A6B007B2C15 /* LoginRemoteDataManager.swift in Sources */ = {isa = PBXBuildFile; fileRef = 4E790DD524CF4A6B007B2C15 /* LoginRemoteDataManager.swift */; };
		4E790DDD24CF4A6B007B2C15 /* LoginWireFrame.swift in Sources */ = {isa = PBXBuildFile; fileRef = 4E790DD624CF4A6B007B2C15 /* LoginWireFrame.swift */; };
/* End PBXBuildFile section */

/* Begin PBXFileReference section */
		4E2A277024E37F4F0001CE11 /* LoginView.xib */ = {isa = PBXFileReference; lastKnownFileType = file.xib; path = LoginView.xib; sourceTree = "<group>"; };
		4E790DB024CF48E4007B2C15 /* GameTracker.app */ = {isa = PBXFileReference; explicitFileType = wrapper.application; includeInIndex = 0; path = GameTracker.app; sourceTree = BUILT_PRODUCTS_DIR; };
		4E790DB324CF48E4007B2C15 /* AppDelegate.swift */ = {isa = PBXFileReference; lastKnownFileType = sourcecode.swift; path = AppDelegate.swift; sourceTree = "<group>"; };
		4E790DB724CF48E4007B2C15 /* ViewController.swift */ = {isa = PBXFileReference; lastKnownFileType = sourcecode.swift; path = ViewController.swift; sourceTree = "<group>"; };
		4E790DBA24CF48E4007B2C15 /* Base */ = {isa = PBXFileReference; lastKnownFileType = file.storyboard; name = Base; path = Base.lproj/Main.storyboard; sourceTree = "<group>"; };
		4E790DBD24CF48E4007B2C15 /* GameTracker.xcdatamodel */ = {isa = PBXFileReference; lastKnownFileType = wrapper.xcdatamodel; path = GameTracker.xcdatamodel; sourceTree = "<group>"; };
		4E790DBF24CF48E6007B2C15 /* Assets.xcassets */ = {isa = PBXFileReference; lastKnownFileType = folder.assetcatalog; path = Assets.xcassets; sourceTree = "<group>"; };
		4E790DC224CF48E6007B2C15 /* Base */ = {isa = PBXFileReference; lastKnownFileType = file.storyboard; name = Base; path = Base.lproj/LaunchScreen.storyboard; sourceTree = "<group>"; };
		4E790DC424CF48E6007B2C15 /* Info.plist */ = {isa = PBXFileReference; lastKnownFileType = text.plist.xml; path = Info.plist; sourceTree = "<group>"; };
		4E790DD024CF4A6B007B2C15 /* LoginPresenter.swift */ = {isa = PBXFileReference; lastKnownFileType = sourcecode.swift; path = LoginPresenter.swift; sourceTree = "<group>"; };
		4E790DD124CF4A6B007B2C15 /* LoginLocalDataManager.swift */ = {isa = PBXFileReference; lastKnownFileType = sourcecode.swift; path = LoginLocalDataManager.swift; sourceTree = "<group>"; };
		4E790DD224CF4A6B007B2C15 /* LoginProtocols.swift */ = {isa = PBXFileReference; lastKnownFileType = sourcecode.swift; path = LoginProtocols.swift; sourceTree = "<group>"; };
		4E790DD324CF4A6B007B2C15 /* LoginInteractor.swift */ = {isa = PBXFileReference; lastKnownFileType = sourcecode.swift; path = LoginInteractor.swift; sourceTree = "<group>"; };
		4E790DD424CF4A6B007B2C15 /* LoginView.swift */ = {isa = PBXFileReference; lastKnownFileType = sourcecode.swift; path = LoginView.swift; sourceTree = "<group>"; };
		4E790DD524CF4A6B007B2C15 /* LoginRemoteDataManager.swift */ = {isa = PBXFileReference; lastKnownFileType = sourcecode.swift; path = LoginRemoteDataManager.swift; sourceTree = "<group>"; };
		4E790DD624CF4A6B007B2C15 /* LoginWireFrame.swift */ = {isa = PBXFileReference; lastKnownFileType = sourcecode.swift; path = LoginWireFrame.swift; sourceTree = "<group>"; };
/* End PBXFileReference section */

/* Begin PBXFrameworksBuildPhase section */
		4E790DAD24CF48E4007B2C15 /* Frameworks */ = {
			isa = PBXFrameworksBuildPhase;
			buildActionMask = 2147483647;
			files = (
			);
			runOnlyForDeploymentPostprocessing = 0;
		};
/* End PBXFrameworksBuildPhase section */

/* Begin PBXGroup section */
		4E790DA724CF48E4007B2C15 = {
			isa = PBXGroup;
			children = (
				4E790DB224CF48E4007B2C15 /* GameTracker */,
				4E790DB124CF48E4007B2C15 /* Products */,
			);
			sourceTree = "<group>";
		};
		4E790DB124CF48E4007B2C15 /* Products */ = {
			isa = PBXGroup;
			children = (
				4E790DB024CF48E4007B2C15 /* GameTracker.app */,
			);
			name = Products;
			sourceTree = "<group>";
		};
		4E790DB224CF48E4007B2C15 /* GameTracker */ = {
			isa = PBXGroup;
			children = (
				4E790DCA24CF49F6007B2C15 /* App */,
				4E790DB324CF48E4007B2C15 /* AppDelegate.swift */,
				4E790DB724CF48E4007B2C15 /* ViewController.swift */,
				4E790DB924CF48E4007B2C15 /* Main.storyboard */,
				4E790DBF24CF48E6007B2C15 /* Assets.xcassets */,
				4E790DC124CF48E6007B2C15 /* LaunchScreen.storyboard */,
				4E790DC424CF48E6007B2C15 /* Info.plist */,
				4E790DBC24CF48E4007B2C15 /* GameTracker.xcdatamodeld */,
			);
			path = GameTracker;
			sourceTree = "<group>";
		};
		4E790DCA24CF49F6007B2C15 /* App */ = {
			isa = PBXGroup;
			children = (
				4E790DCC24CF4A08007B2C15 /* SupportingFiles */,
				4E790DCB24CF4A03007B2C15 /* Code */,
			);
			path = App;
			sourceTree = "<group>";
		};
		4E790DCB24CF4A03007B2C15 /* Code */ = {
			isa = PBXGroup;
			children = (
				4E790DCE24CF4A39007B2C15 /* Modules */,
			);
			path = Code;
			sourceTree = "<group>";
		};
		4E790DCC24CF4A08007B2C15 /* SupportingFiles */ = {
			isa = PBXGroup;
			children = (
				4E790DCD24CF4A1C007B2C15 /* External */,
			);
			path = SupportingFiles;
			sourceTree = "<group>";
		};
		4E790DCD24CF4A1C007B2C15 /* External */ = {
			isa = PBXGroup;
			children = (
			);
			path = External;
			sourceTree = "<group>";
		};
		4E790DCE24CF4A39007B2C15 /* Modules */ = {
			isa = PBXGroup;
			children = (
				4E790DCF24CF4A4B007B2C15 /* Login */,
			);
			path = Modules;
			sourceTree = "<group>";
		};
		4E790DCF24CF4A4B007B2C15 /* Login */ = {
			isa = PBXGroup;
			children = (
				4E790DE624CF4B2A007B2C15 /* Protocols */,
				4E790DE324CF4AC8007B2C15 /* DataManager */,
				4E790DE224CF4AAD007B2C15 /* Wireframe */,
				4E790DE124CF4AA6007B2C15 /* Entities */,
				4E790DE024CF4A9F007B2C15 /* Presenter */,
				4E790DDF24CF4A98007B2C15 /* Interactor */,
				4E790DDE24CF4A91007B2C15 /* View */,
			);
			path = Login;
			sourceTree = "<group>";
		};
		4E790DDE24CF4A91007B2C15 /* View */ = {
			isa = PBXGroup;
			children = (
				4E790DD424CF4A6B007B2C15 /* LoginView.swift */,
				4E2A277024E37F4F0001CE11 /* LoginView.xib */,
			);
			path = View;
			sourceTree = "<group>";
		};
		4E790DDF24CF4A98007B2C15 /* Interactor */ = {
			isa = PBXGroup;
			children = (
				4E790DD324CF4A6B007B2C15 /* LoginInteractor.swift */,
			);
			path = Interactor;
			sourceTree = "<group>";
		};
		4E790DE024CF4A9F007B2C15 /* Presenter */ = {
			isa = PBXGroup;
			children = (
				4E790DD024CF4A6B007B2C15 /* LoginPresenter.swift */,
			);
			path = Presenter;
			sourceTree = "<group>";
		};
		4E790DE124CF4AA6007B2C15 /* Entities */ = {
			isa = PBXGroup;
			children = (
			);
			path = Entities;
			sourceTree = "<group>";
		};
		4E790DE224CF4AAD007B2C15 /* Wireframe */ = {
			isa = PBXGroup;
			children = (
				4E790DD624CF4A6B007B2C15 /* LoginWireFrame.swift */,
			);
			path = Wireframe;
			sourceTree = "<group>";
		};
		4E790DE324CF4AC8007B2C15 /* DataManager */ = {
			isa = PBXGroup;
			children = (
				4E790DE524CF4AFC007B2C15 /* RemoteDataManager */,
				4E790DE424CF4AF4007B2C15 /* LocalDataManager */,
			);
			path = DataManager;
			sourceTree = "<group>";
		};
		4E790DE424CF4AF4007B2C15 /* LocalDataManager */ = {
			isa = PBXGroup;
			children = (
				4E790DD124CF4A6B007B2C15 /* LoginLocalDataManager.swift */,
			);
			path = LocalDataManager;
			sourceTree = "<group>";
		};
		4E790DE524CF4AFC007B2C15 /* RemoteDataManager */ = {
			isa = PBXGroup;
			children = (
				4E790DD524CF4A6B007B2C15 /* LoginRemoteDataManager.swift */,
			);
			path = RemoteDataManager;
			sourceTree = "<group>";
		};
		4E790DE624CF4B2A007B2C15 /* Protocols */ = {
			isa = PBXGroup;
			children = (
				4E790DD224CF4A6B007B2C15 /* LoginProtocols.swift */,
			);
			path = Protocols;
			sourceTree = "<group>";
		};
/* End PBXGroup section */

/* Begin PBXNativeTarget section */
		4E790DAF24CF48E4007B2C15 /* GameTracker */ = {
			isa = PBXNativeTarget;
			buildConfigurationList = 4E790DC724CF48E6007B2C15 /* Build configuration list for PBXNativeTarget "GameTracker" */;
			buildPhases = (
				4E790DAC24CF48E4007B2C15 /* Sources */,
				4E790DAD24CF48E4007B2C15 /* Frameworks */,
				4E790DAE24CF48E4007B2C15 /* Resources */,
			);
			buildRules = (
			);
			dependencies = (
			);
			name = GameTracker;
			productName = GameTracker;
			productReference = 4E790DB024CF48E4007B2C15 /* GameTracker.app */;
			productType = "com.apple.product-type.application";
		};
/* End PBXNativeTarget section */

/* Begin PBXProject section */
		4E790DA824CF48E4007B2C15 /* Project object */ = {
			isa = PBXProject;
			attributes = {
				LastSwiftUpdateCheck = 1100;
				LastUpgradeCheck = 1100;
				ORGANIZATIONNAME = "Carlos Rodriguez Guerrero";
				TargetAttributes = {
					4E790DAF24CF48E4007B2C15 = {
						CreatedOnToolsVersion = 11.0;
					};
				};
			};
			buildConfigurationList = 4E790DAB24CF48E4007B2C15 /* Build configuration list for PBXProject "GameTracker" */;
			compatibilityVersion = "Xcode 9.3";
			developmentRegion = en;
			hasScannedForEncodings = 0;
			knownRegions = (
				en,
				Base,
			);
			mainGroup = 4E790DA724CF48E4007B2C15;
			productRefGroup = 4E790DB124CF48E4007B2C15 /* Products */;
			projectDirPath = "";
			projectRoot = "";
			targets = (
				4E790DAF24CF48E4007B2C15 /* GameTracker */,
			);
		};
/* End PBXProject section */

/* Begin PBXResourcesBuildPhase section */
		4E790DAE24CF48E4007B2C15 /* Resources */ = {
			isa = PBXResourcesBuildPhase;
			buildActionMask = 2147483647;
			files = (
				4E790DC324CF48E6007B2C15 /* LaunchScreen.storyboard in Resources */,
				4E790DC024CF48E6007B2C15 /* Assets.xcassets in Resources */,
				4E2A277124E37F4F0001CE11 /* LoginView.xib in Resources */,
				4E790DBB24CF48E4007B2C15 /* Main.storyboard in Resources */,
			);
			runOnlyForDeploymentPostprocessing = 0;
		};
/* End PBXResourcesBuildPhase section */

/* Begin PBXSourcesBuildPhase section */
		4E790DAC24CF48E4007B2C15 /* Sources */ = {
			isa = PBXSourcesBuildPhase;
			buildActionMask = 2147483647;
			files = (
				4E790DD724CF4A6B007B2C15 /* LoginPresenter.swift in Sources */,
				4E790DB824CF48E4007B2C15 /* ViewController.swift in Sources */,
				4E790DDA24CF4A6B007B2C15 /* LoginInteractor.swift in Sources */,
				4E790DB424CF48E4007B2C15 /* AppDelegate.swift in Sources */,
				4E790DDD24CF4A6B007B2C15 /* LoginWireFrame.swift in Sources */,
				4E790DD924CF4A6B007B2C15 /* LoginProtocols.swift in Sources */,
				4E790DBE24CF48E4007B2C15 /* GameTracker.xcdatamodeld in Sources */,
				4E790DDB24CF4A6B007B2C15 /* LoginView.swift in Sources */,
				4E790DD824CF4A6B007B2C15 /* LoginLocalDataManager.swift in Sources */,
				4E790DDC24CF4A6B007B2C15 /* LoginRemoteDataManager.swift in Sources */,
			);
			runOnlyForDeploymentPostprocessing = 0;
		};
/* End PBXSourcesBuildPhase section */

/* Begin PBXVariantGroup section */
		4E790DB924CF48E4007B2C15 /* Main.storyboard */ = {
			isa = PBXVariantGroup;
			children = (
				4E790DBA24CF48E4007B2C15 /* Base */,
			);
			name = Main.storyboard;
			sourceTree = "<group>";
		};
		4E790DC124CF48E6007B2C15 /* LaunchScreen.storyboard */ = {
			isa = PBXVariantGroup;
			children = (
				4E790DC224CF48E6007B2C15 /* Base */,
			);
			name = LaunchScreen.storyboard;
			sourceTree = "<group>";
		};
/* End PBXVariantGroup section */

/* Begin XCBuildConfiguration section */
		4E790DC524CF48E6007B2C15 /* Debug */ = {
			isa = XCBuildConfiguration;
			buildSettings = {
				ALWAYS_SEARCH_USER_PATHS = NO;
				CLANG_ANALYZER_NONNULL = YES;
				CLANG_ANALYZER_NUMBER_OBJECT_CONVERSION = YES_AGGRESSIVE;
				CLANG_CXX_LANGUAGE_STANDARD = "gnu++14";
				CLANG_CXX_LIBRARY = "libc++";
				CLANG_ENABLE_MODULES = YES;
				CLANG_ENABLE_OBJC_ARC = YES;
				CLANG_ENABLE_OBJC_WEAK = YES;
				CLANG_WARN_BLOCK_CAPTURE_AUTORELEASING = YES;
				CLANG_WARN_BOOL_CONVERSION = YES;
				CLANG_WARN_COMMA = YES;
				CLANG_WARN_CONSTANT_CONVERSION = YES;
				CLANG_WARN_DEPRECATED_OBJC_IMPLEMENTATIONS = YES;
				CLANG_WARN_DIRECT_OBJC_ISA_USAGE = YES_ERROR;
				CLANG_WARN_DOCUMENTATION_COMMENTS = YES;
				CLANG_WARN_EMPTY_BODY = YES;
				CLANG_WARN_ENUM_CONVERSION = YES;
				CLANG_WARN_INFINITE_RECURSION = YES;
				CLANG_WARN_INT_CONVERSION = YES;
				CLANG_WARN_NON_LITERAL_NULL_CONVERSION = YES;
				CLANG_WARN_OBJC_IMPLICIT_RETAIN_SELF = YES;
				CLANG_WARN_OBJC_LITERAL_CONVERSION = YES;
				CLANG_WARN_OBJC_ROOT_CLASS = YES_ERROR;
				CLANG_WARN_RANGE_LOOP_ANALYSIS = YES;
				CLANG_WARN_STRICT_PROTOTYPES = YES;
				CLANG_WARN_SUSPICIOUS_MOVE = YES;
				CLANG_WARN_UNGUARDED_AVAILABILITY = YES_AGGRESSIVE;
				CLANG_WARN_UNREACHABLE_CODE = YES;
				CLANG_WARN__DUPLICATE_METHOD_MATCH = YES;
				COPY_PHASE_STRIP = NO;
				DEBUG_INFORMATION_FORMAT = dwarf;
				ENABLE_STRICT_OBJC_MSGSEND = YES;
				ENABLE_TESTABILITY = YES;
				GCC_C_LANGUAGE_STANDARD = gnu11;
				GCC_DYNAMIC_NO_PIC = NO;
				GCC_NO_COMMON_BLOCKS = YES;
				GCC_OPTIMIZATION_LEVEL = 0;
				GCC_PREPROCESSOR_DEFINITIONS = (
					"DEBUG=1",
					"$(inherited)",
				);
				GCC_WARN_64_TO_32_BIT_CONVERSION = YES;
				GCC_WARN_ABOUT_RETURN_TYPE = YES_ERROR;
				GCC_WARN_UNDECLARED_SELECTOR = YES;
				GCC_WARN_UNINITIALIZED_AUTOS = YES_AGGRESSIVE;
				GCC_WARN_UNUSED_FUNCTION = YES;
				GCC_WARN_UNUSED_VARIABLE = YES;
				IPHONEOS_DEPLOYMENT_TARGET = 13.0;
				MTL_ENABLE_DEBUG_INFO = INCLUDE_SOURCE;
				MTL_FAST_MATH = YES;
				ONLY_ACTIVE_ARCH = YES;
				SDKROOT = iphoneos;
				SWIFT_ACTIVE_COMPILATION_CONDITIONS = DEBUG;
				SWIFT_OPTIMIZATION_LEVEL = "-Onone";
			};
			name = Debug;
		};
		4E790DC624CF48E6007B2C15 /* Release */ = {
			isa = XCBuildConfiguration;
			buildSettings = {
				ALWAYS_SEARCH_USER_PATHS = NO;
				CLANG_ANALYZER_NONNULL = YES;
				CLANG_ANALYZER_NUMBER_OBJECT_CONVERSION = YES_AGGRESSIVE;
				CLANG_CXX_LANGUAGE_STANDARD = "gnu++14";
				CLANG_CXX_LIBRARY = "libc++";
				CLANG_ENABLE_MODULES = YES;
				CLANG_ENABLE_OBJC_ARC = YES;
				CLANG_ENABLE_OBJC_WEAK = YES;
				CLANG_WARN_BLOCK_CAPTURE_AUTORELEASING = YES;
				CLANG_WARN_BOOL_CONVERSION = YES;
				CLANG_WARN_COMMA = YES;
				CLANG_WARN_CONSTANT_CONVERSION = YES;
				CLANG_WARN_DEPRECATED_OBJC_IMPLEMENTATIONS = YES;
				CLANG_WARN_DIRECT_OBJC_ISA_USAGE = YES_ERROR;
				CLANG_WARN_DOCUMENTATION_COMMENTS = YES;
				CLANG_WARN_EMPTY_BODY = YES;
				CLANG_WARN_ENUM_CONVERSION = YES;
				CLANG_WARN_INFINITE_RECURSION = YES;
				CLANG_WARN_INT_CONVERSION = YES;
				CLANG_WARN_NON_LITERAL_NULL_CONVERSION = YES;
				CLANG_WARN_OBJC_IMPLICIT_RETAIN_SELF = YES;
				CLANG_WARN_OBJC_LITERAL_CONVERSION = YES;
				CLANG_WARN_OBJC_ROOT_CLASS = YES_ERROR;
				CLANG_WARN_RANGE_LOOP_ANALYSIS = YES;
				CLANG_WARN_STRICT_PROTOTYPES = YES;
				CLANG_WARN_SUSPICIOUS_MOVE = YES;
				CLANG_WARN_UNGUARDED_AVAILABILITY = YES_AGGRESSIVE;
				CLANG_WARN_UNREACHABLE_CODE = YES;
				CLANG_WARN__DUPLICATE_METHOD_MATCH = YES;
				COPY_PHASE_STRIP = NO;
				DEBUG_INFORMATION_FORMAT = "dwarf-with-dsym";
				ENABLE_NS_ASSERTIONS = NO;
				ENABLE_STRICT_OBJC_MSGSEND = YES;
				GCC_C_LANGUAGE_STANDARD = gnu11;
				GCC_NO_COMMON_BLOCKS = YES;
				GCC_WARN_64_TO_32_BIT_CONVERSION = YES;
				GCC_WARN_ABOUT_RETURN_TYPE = YES_ERROR;
				GCC_WARN_UNDECLARED_SELECTOR = YES;
				GCC_WARN_UNINITIALIZED_AUTOS = YES_AGGRESSIVE;
				GCC_WARN_UNUSED_FUNCTION = YES;
				GCC_WARN_UNUSED_VARIABLE = YES;
				IPHONEOS_DEPLOYMENT_TARGET = 13.0;
				MTL_ENABLE_DEBUG_INFO = NO;
				MTL_FAST_MATH = YES;
				SDKROOT = iphoneos;
				SWIFT_COMPILATION_MODE = wholemodule;
				SWIFT_OPTIMIZATION_LEVEL = "-O";
				VALIDATE_PRODUCT = YES;
			};
			name = Release;
		};
		4E790DC824CF48E6007B2C15 /* Debug */ = {
			isa = XCBuildConfiguration;
			buildSettings = {
				ASSETCATALOG_COMPILER_APPICON_NAME = AppIcon;
				CODE_SIGN_STYLE = Automatic;
				DEVELOPMENT_TEAM = 3T9SZTCQ53;
				INFOPLIST_FILE = GameTracker/Info.plist;
				IPHONEOS_DEPLOYMENT_TARGET = 11.0;
				LD_RUNPATH_SEARCH_PATHS = (
					"$(inherited)",
					"@executable_path/Frameworks",
				);
				PRODUCT_BUNDLE_IDENTIFIER = com.carlos.r.g.GameTracker;
				PRODUCT_NAME = "$(TARGET_NAME)";
				SWIFT_VERSION = 5.0;
				TARGETED_DEVICE_FAMILY = "1,2";
			};
			name = Debug;
		};
		4E790DC924CF48E6007B2C15 /* Release */ = {
			isa = XCBuildConfiguration;
			buildSettings = {
				ASSETCATALOG_COMPILER_APPICON_NAME = AppIcon;
				CODE_SIGN_STYLE = Automatic;
				DEVELOPMENT_TEAM = 3T9SZTCQ53;
				INFOPLIST_FILE = GameTracker/Info.plist;
				IPHONEOS_DEPLOYMENT_TARGET = 11.0;
				LD_RUNPATH_SEARCH_PATHS = (
					"$(inherited)",
					"@executable_path/Frameworks",
				);
				PRODUCT_BUNDLE_IDENTIFIER = com.carlos.r.g.GameTracker;
				PRODUCT_NAME = "$(TARGET_NAME)";
				SWIFT_VERSION = 5.0;
				TARGETED_DEVICE_FAMILY = "1,2";
			};
			name = Release;
		};
/* End XCBuildConfiguration section */

/* Begin XCConfigurationList section */
		4E790DAB24CF48E4007B2C15 /* Build configuration list for PBXProject "GameTracker" */ = {
			isa = XCConfigurationList;
			buildConfigurations = (
				4E790DC524CF48E6007B2C15 /* Debug */,
				4E790DC624CF48E6007B2C15 /* Release */,
			);
			defaultConfigurationIsVisible = 0;
			defaultConfigurationName = Release;
		};
		4E790DC724CF48E6007B2C15 /* Build configuration list for PBXNativeTarget "GameTracker" */ = {
			isa = XCConfigurationList;
			buildConfigurations = (
				4E790DC824CF48E6007B2C15 /* Debug */,
				4E790DC924CF48E6007B2C15 /* Release */,
			);
			defaultConfigurationIsVisible = 0;
			defaultConfigurationName = Release;
		};
/* End XCConfigurationList section */

/* Begin XCVersionGroup section */
		4E790DBC24CF48E4007B2C15 /* GameTracker.xcdatamodeld */ = {
			isa = XCVersionGroup;
			children = (
				4E790DBD24CF48E4007B2C15 /* GameTracker.xcdatamodel */,
			);
			currentVersion = 4E790DBD24CF48E4007B2C15 /* GameTracker.xcdatamodel */;
			path = GameTracker.xcdatamodeld;
			sourceTree = "<group>";
			versionGroupType = wrapper.xcdatamodel;
		};
/* End XCVersionGroup section */
	};
	rootObject = 4E790DA824CF48E4007B2C15 /* Project object */;
}
